lockfileVersion: '9.0'

settings:
  autoInstallPeers: true
  excludeLinksFromLockfile: false

importers:

  .:
    dependencies:
      ws:
        specifier: ^8.14.2
        version: 8.18.2
    devDependencies:
      '@types/node':
        specifier: ^20.8.2
        version: 20.17.47
      '@types/ws':
        specifier: ^8.5.5
        version: 8.18.1
      bun-types:
        specifier: latest
        version: 1.2.13
      typescript:
        specifier: ^5.2.2
        version: 5.8.3

packages:

  '@types/node@20.17.47':
    resolution: {integrity: sha512-3dLX0Upo1v7RvUimvxLeXqwrfyKxUINk0EAM83swP2mlSUcwV73sZy8XhNz8bcZ3VbsfQyC/y6jRdL5tgCNpDQ==}

  '@types/ws@8.18.1':
    resolution: {integrity: sha512-ThVF6DCVhA8kUGy+aazFQ4kXQ7E1Ty7A3ypFOe0IcJV8O/M511G99AW24irKrW56Wt44yG9+ij8FaqoBGkuBXg==}

  bun-types@1.2.13:
    resolution: {integrity: sha512-rRjA1T6n7wto4gxhAO/ErZEtOXyEZEmnIHQfl0Dt1QQSB4QV0iP6BZ9/YB5fZaHFQ2dwHFrmPaRQ9GGMX01k9Q==}

  typescript@5.8.3:
    resolution: {integrity: sha512-p1diW6TqL9L07nNxvRMM7hMMw4c5XOo/1ibL4aAIGmSAt9slTE1Xgw5KWuof2uTOvCg9BY7ZRi+GaF+7sfgPeQ==}
    engines: {node: '>=14.17'}
    hasBin: true

  undici-types@6.19.8:
    resolution: {integrity: sha512-ve2KP6f/JnbPBFyobGHuerC9g1FYGn/F8n1LWTwNxCEzd6IfqTwUQcNXgEtmmQ6DlRrC1hrSrBnCZPokRrDHjw==}

  ws@8.18.2:
    resolution: {integrity: sha512-DMricUmwGZUVr++AEAe2uiVM7UoO9MAVZMDu05UQOaUII0lp+zOzLLU4Xqh/JvTqklB1T4uELaaPBKyjE1r4fQ==}
    engines: {node: '>=10.0.0'}
    peerDependencies:
      bufferutil: ^4.0.1
      utf-8-validate: '>=5.0.2'
    peerDependenciesMeta:
      bufferutil:
        optional: true
      utf-8-validate:
        optional: true

snapshots:

  '@types/node@20.17.47':
    dependencies:
      undici-types: 6.19.8

  '@types/ws@8.18.1':
    dependencies:
      '@types/node': 20.17.47

  bun-types@1.2.13:
    dependencies:
      '@types/node': 20.17.47

  typescript@5.8.3: {}

  undici-types@6.19.8: {}

  ws@8.18.2: {}
